
Microsoft Visual Studio Solution File, Format Version 12.00
# Visual Studio Version 17
VisualStudioVersion = 17.7.34031.279
MinimumVisualStudioVersion = 10.0.40219.1
Project("{FAE04EC0-301F-11D3-BF4B-00C04F79EFBC}") = "API", "API\API.csproj", "{9EFE3A23-DC46-428A-8789-20C5EF252109}"
EndProject
Project("{FAE04EC0-301F-11D3-BF4B-00C04F79EFBC}") = "Client", "Client\Client.csproj", "{0C0FBB11-8DDE-4AC1-A6D9-2DDE82A0448D}"
EndProject
Global
	GlobalSection(SolutionConfigurationPlatforms) = preSolution
		Debug|Any CPU = Debug|Any CPU
		Release|Any CPU = Release|Any CPU
	EndGlobalSection
	GlobalSection(ProjectConfigurationPlatforms) = postSolution
		{9EFE3A23-DC46-428A-8789-20C5EF252109}.Debug|Any CPU.ActiveCfg = Debug|Any CPU
		{9EFE3A23-DC46-428A-8789-20C5EF252109}.Debug|Any CPU.Build.0 = Debug|Any CPU
		{9EFE3A23-DC46-428A-8789-20C5EF252109}.Release|Any CPU.ActiveCfg = Release|Any CPU
		{9EFE3A23-DC46-428A-8789-20C5EF252109}.Release|Any CPU.Build.0 = Release|Any CPU
		{0C0FBB11-8DDE-4AC1-A6D9-2DDE82A0448D}.Debug|Any CPU.ActiveCfg = Debug|Any CPU
		{0C0FBB11-8DDE-4AC1-A6D9-2DDE82A0448D}.Debug|Any CPU.Build.0 = Debug|Any CPU
		{0C0FBB11-8DDE-4AC1-A6D9-2DDE82A0448D}.Release|Any CPU.ActiveCfg = Release|Any CPU
		{0C0FBB11-8DDE-4AC1-A6D9-2DDE82A0448D}.Release|Any CPU.Build.0 = Release|Any CPU
	EndGlobalSection
	GlobalSection(SolutionProperties) = preSolution
		HideSolutionNode = FALSE
	EndGlobalSection
	GlobalSection(ExtensibilityGlobals) = postSolution
		SolutionGuid = {2BC9B1AB-23CE-42E7-B1AE-9B252F09F39E}
	EndGlobalSection
EndGlobal
